
Microsoft Visual Studio Solution File, Format Version 12.00
# Visual Studio Version 16
VisualStudioVersion = 16.0.29215.179
MinimumVisualStudioVersion = 10.0.40219.1
Project("{FAE04EC0-301F-11D3-BF4B-00C04F79EFBC}") = "SuperRazor", "SuperRazor.csproj", "{92DD3EC4-5FB0-43CE-8BA4-B1A7CA7151F8}"
EndProject
Global
	GlobalSection(SolutionConfigurationPlatforms) = preSolution
		Debug|Any CPU = Debug|Any CPU
		Release|Any CPU = Release|Any CPU
	EndGlobalSection
	GlobalSection(ProjectConfigurationPlatforms) = postSolution
		{92DD3EC4-5FB0-43CE-8BA4-B1A7CA7151F8}.Debug|Any CPU.ActiveCfg = Debug|Any CPU
		{92DD3EC4-5FB0-43CE-8BA4-B1A7CA7151F8}.Debug|Any CPU.Build.0 = Debug|Any CPU
		{92DD3EC4-5FB0-43CE-8BA4-B1A7CA7151F8}.Release|Any CPU.ActiveCfg = Release|Any CPU
		{92DD3EC4-5FB0-43CE-8BA4-B1A7CA7151F8}.Release|Any CPU.Build.0 = Release|Any CPU
	EndGlobalSection
	GlobalSection(SolutionProperties) = preSolution
		HideSolutionNode = FALSE
	EndGlobalSection
	GlobalSection(ExtensibilityGlobals) = postSolution
		SolutionGuid = {75CA3D5A-D246-44EF-A77E-B51119C6E3FA}
	EndGlobalSection
EndGlobal
