
Microsoft Visual Studio Solution File, Format Version 12.00
# Visual Studio Version 16
VisualStudioVersion = 16.0.29215.179
MinimumVisualStudioVersion = 10.0.40219.1
Project("{FAE04EC0-301F-11D3-BF4B-00C04F79EFBC}") = "BasicApp", "BasicApp.csproj", "{389AE6A3-0A30-4496-8D62-406F6D79EAE5}"
EndProject
Global
	GlobalSection(SolutionConfigurationPlatforms) = preSolution
		Debug|Any CPU = Debug|Any CPU
		Release|Any CPU = Release|Any CPU
	EndGlobalSection
	GlobalSection(ProjectConfigurationPlatforms) = postSolution
		{389AE6A3-0A30-4496-8D62-406F6D79EAE5}.Debug|Any CPU.ActiveCfg = Debug|Any CPU
		{389AE6A3-0A30-4496-8D62-406F6D79EAE5}.Debug|Any CPU.Build.0 = Debug|Any CPU
		{389AE6A3-0A30-4496-8D62-406F6D79EAE5}.Release|Any CPU.ActiveCfg = Release|Any CPU
		{389AE6A3-0A30-4496-8D62-406F6D79EAE5}.Release|Any CPU.Build.0 = Release|Any CPU
	EndGlobalSection
	GlobalSection(SolutionProperties) = preSolution
		HideSolutionNode = FALSE
	EndGlobalSection
	GlobalSection(ExtensibilityGlobals) = postSolution
		SolutionGuid = {67B83EA2-939B-425B-B4BC-A933AF2772FB}
	EndGlobalSection
EndGlobal
